// !$*UTF8*$!
{
	archiveVersion = 1;
	classes = {
	};
	objectVersion = 46;
	objects = {

/* Begin PBXBuildFile section */
		746D6C5E1CBC775600C8A031 /* AppDelegate.swift in Sources */ = {isa = PBXBuildFile; fileRef = 746D6C5D1CBC775600C8A031 /* AppDelegate.swift */; };
		746D6C631CBC775600C8A031 /* Main.storyboard in Resources */ = {isa = PBXBuildFile; fileRef = 746D6C611CBC775600C8A031 /* Main.storyboard */; };
		746D6C651CBC775600C8A031 /* Assets.xcassets in Resources */ = {isa = PBXBuildFile; fileRef = 746D6C641CBC775600C8A031 /* Assets.xcassets */; };
		746D6C681CBC775600C8A031 /* LaunchScreen.storyboard in Resources */ = {isa = PBXBuildFile; fileRef = 746D6C661CBC775600C8A031 /* LaunchScreen.storyboard */; };
		746D6C701CBC780200C8A031 /* Firebase.framework in Frameworks */ = {isa = PBXBuildFile; fileRef = 746D6C6F1CBC780200C8A031 /* Firebase.framework */; };
		746D6C721CBC782300C8A031 /* CFNetwork.framework in Frameworks */ = {isa = PBXBuildFile; fileRef = 746D6C711CBC782300C8A031 /* CFNetwork.framework */; };
		746D6C741CBC782900C8A031 /* libc++.tbd in Frameworks */ = {isa = PBXBuildFile; fileRef = 746D6C731CBC782900C8A031 /* libc++.tbd */; };
		746D6C761CBC783000C8A031 /* libicucore.tbd in Frameworks */ = {isa = PBXBuildFile; fileRef = 746D6C751CBC782F00C8A031 /* libicucore.tbd */; };
		746D6C781CBC783600C8A031 /* Security.framework in Frameworks */ = {isa = PBXBuildFile; fileRef = 746D6C771CBC783600C8A031 /* Security.framework */; };
		746D6C7A1CBC785C00C8A031 /* SystemConfiguration.framework in Frameworks */ = {isa = PBXBuildFile; fileRef = 746D6C791CBC785C00C8A031 /* SystemConfiguration.framework */; };
		746D6C7D1CBC78C100C8A031 /* FirebaseChat.swift in Sources */ = {isa = PBXBuildFile; fileRef = 746D6C7C1CBC78C100C8A031 /* FirebaseChat.swift */; };
		746D6C7F1CBC78E800C8A031 /* FirebaseController.swift in Sources */ = {isa = PBXBuildFile; fileRef = 746D6C7E1CBC78E800C8A031 /* FirebaseController.swift */; };
		746D6C811CBC7BE800C8A031 /* ChatViewController.swift in Sources */ = {isa = PBXBuildFile; fileRef = 746D6C801CBC7BE800C8A031 /* ChatViewController.swift */; };
		746D6C831CBC7DBB00C8A031 /* Message.swift in Sources */ = {isa = PBXBuildFile; fileRef = 746D6C821CBC7DBB00C8A031 /* Message.swift */; };
		746D6C851CBC7DCE00C8A031 /* Thread.swift in Sources */ = {isa = PBXBuildFile; fileRef = 746D6C841CBC7DCE00C8A031 /* Thread.swift */; };
		746D6C871CBC805F00C8A031 /* MessageController.swift in Sources */ = {isa = PBXBuildFile; fileRef = 746D6C861CBC805F00C8A031 /* MessageController.swift */; };
		746D6C891CBC806800C8A031 /* ThreadController.swift in Sources */ = {isa = PBXBuildFile; fileRef = 746D6C881CBC806800C8A031 /* ThreadController.swift */; };
/* End PBXBuildFile section */

/* Begin PBXFileReference section */
		746D6C5A1CBC775600C8A031 /* SimpleChatFirebaseTest.app */ = {isa = PBXFileReference; explicitFileType = wrapper.application; includeInIndex = 0; path = SimpleChatFirebaseTest.app; sourceTree = BUILT_PRODUCTS_DIR; };
		746D6C5D1CBC775600C8A031 /* AppDelegate.swift */ = {isa = PBXFileReference; lastKnownFileType = sourcecode.swift; path = AppDelegate.swift; sourceTree = "<group>"; };
		746D6C621CBC775600C8A031 /* Base */ = {isa = PBXFileReference; lastKnownFileType = file.storyboard; name = Base; path = Base.lproj/Main.storyboard; sourceTree = "<group>"; };
		746D6C641CBC775600C8A031 /* Assets.xcassets */ = {isa = PBXFileReference; lastKnownFileType = folder.assetcatalog; path = Assets.xcassets; sourceTree = "<group>"; };
		746D6C671CBC775600C8A031 /* Base */ = {isa = PBXFileReference; lastKnownFileType = file.storyboard; name = Base; path = Base.lproj/LaunchScreen.storyboard; sourceTree = "<group>"; };
		746D6C691CBC775600C8A031 /* Info.plist */ = {isa = PBXFileReference; lastKnownFileType = text.plist.xml; path = Info.plist; sourceTree = "<group>"; };
		746D6C6F1CBC780200C8A031 /* Firebase.framework */ = {isa = PBXFileReference; lastKnownFileType = wrapper.framework; name = Firebase.framework; path = SimpleChatFirebaseTest/Firebase.framework; sourceTree = "<group>"; };
		746D6C711CBC782300C8A031 /* CFNetwork.framework */ = {isa = PBXFileReference; lastKnownFileType = wrapper.framework; name = CFNetwork.framework; path = System/Library/Frameworks/CFNetwork.framework; sourceTree = SDKROOT; };
		746D6C731CBC782900C8A031 /* libc++.tbd */ = {isa = PBXFileReference; lastKnownFileType = "sourcecode.text-based-dylib-definition"; name = "libc++.tbd"; path = "usr/lib/libc++.tbd"; sourceTree = SDKROOT; };
		746D6C751CBC782F00C8A031 /* libicucore.tbd */ = {isa = PBXFileReference; lastKnownFileType = "sourcecode.text-based-dylib-definition"; name = libicucore.tbd; path = usr/lib/libicucore.tbd; sourceTree = SDKROOT; };
		746D6C771CBC783600C8A031 /* Security.framework */ = {isa = PBXFileReference; lastKnownFileType = wrapper.framework; name = Security.framework; path = System/Library/Frameworks/Security.framework; sourceTree = SDKROOT; };
		746D6C791CBC785C00C8A031 /* SystemConfiguration.framework */ = {isa = PBXFileReference; lastKnownFileType = wrapper.framework; name = SystemConfiguration.framework; path = System/Library/Frameworks/SystemConfiguration.framework; sourceTree = SDKROOT; };
		746D6C7C1CBC78C100C8A031 /* FirebaseChat.swift */ = {isa = PBXFileReference; fileEncoding = 4; lastKnownFileType = sourcecode.swift; path = FirebaseChat.swift; sourceTree = "<group>"; };
		746D6C7E1CBC78E800C8A031 /* FirebaseController.swift */ = {isa = PBXFileReference; fileEncoding = 4; lastKnownFileType = sourcecode.swift; path = FirebaseController.swift; sourceTree = "<group>"; };
		746D6C801CBC7BE800C8A031 /* ChatViewController.swift */ = {isa = PBXFileReference; fileEncoding = 4; lastKnownFileType = sourcecode.swift; path = ChatViewController.swift; sourceTree = "<group>"; };
		746D6C821CBC7DBB00C8A031 /* Message.swift */ = {isa = PBXFileReference; fileEncoding = 4; lastKnownFileType = sourcecode.swift; path = Message.swift; sourceTree = "<group>"; };
		746D6C841CBC7DCE00C8A031 /* Thread.swift */ = {isa = PBXFileReference; fileEncoding = 4; lastKnownFileType = sourcecode.swift; path = Thread.swift; sourceTree = "<group>"; };
		746D6C861CBC805F00C8A031 /* MessageController.swift */ = {isa = PBXFileReference; fileEncoding = 4; lastKnownFileType = sourcecode.swift; path = MessageController.swift; sourceTree = "<group>"; };
		746D6C881CBC806800C8A031 /* ThreadController.swift */ = {isa = PBXFileReference; fileEncoding = 4; lastKnownFileType = sourcecode.swift; path = ThreadController.swift; sourceTree = "<group>"; };
/* End PBXFileReference section */

/* Begin PBXFrameworksBuildPhase section */
		746D6C571CBC775600C8A031 /* Frameworks */ = {
			isa = PBXFrameworksBuildPhase;
			buildActionMask = 2147483647;
			files = (
				746D6C7A1CBC785C00C8A031 /* SystemConfiguration.framework in Frameworks */,
				746D6C781CBC783600C8A031 /* Security.framework in Frameworks */,
				746D6C761CBC783000C8A031 /* libicucore.tbd in Frameworks */,
				746D6C741CBC782900C8A031 /* libc++.tbd in Frameworks */,
				746D6C721CBC782300C8A031 /* CFNetwork.framework in Frameworks */,
				746D6C701CBC780200C8A031 /* Firebase.framework in Frameworks */,
			);
			runOnlyForDeploymentPostprocessing = 0;
		};
/* End PBXFrameworksBuildPhase section */

/* Begin PBXGroup section */
		746D6C511CBC775600C8A031 = {
			isa = PBXGroup;
			children = (
				746D6C7B1CBC78A400C8A031 /* Firebase */,
				746D6C5C1CBC775600C8A031 /* SimpleChatFirebaseTest */,
				746D6C5B1CBC775600C8A031 /* Products */,
			);
			sourceTree = "<group>";
		};
		746D6C5B1CBC775600C8A031 /* Products */ = {
			isa = PBXGroup;
			children = (
				746D6C5A1CBC775600C8A031 /* SimpleChatFirebaseTest.app */,
			);
			name = Products;
			sourceTree = "<group>";
		};
		746D6C5C1CBC775600C8A031 /* SimpleChatFirebaseTest */ = {
			isa = PBXGroup;
			children = (
				746D6C5D1CBC775600C8A031 /* AppDelegate.swift */,
				746D6C821CBC7DBB00C8A031 /* Message.swift */,
				746D6C861CBC805F00C8A031 /* MessageController.swift */,
				746D6C841CBC7DCE00C8A031 /* Thread.swift */,
				746D6C881CBC806800C8A031 /* ThreadController.swift */,
				746D6C7C1CBC78C100C8A031 /* FirebaseChat.swift */,
				746D6C801CBC7BE800C8A031 /* ChatViewController.swift */,
				746D6C7E1CBC78E800C8A031 /* FirebaseController.swift */,
				746D6C611CBC775600C8A031 /* Main.storyboard */,
				746D6C641CBC775600C8A031 /* Assets.xcassets */,
				746D6C661CBC775600C8A031 /* LaunchScreen.storyboard */,
				746D6C691CBC775600C8A031 /* Info.plist */,
			);
			path = SimpleChatFirebaseTest;
			sourceTree = "<group>";
		};
		746D6C7B1CBC78A400C8A031 /* Firebase */ = {
			isa = PBXGroup;
			children = (
				746D6C791CBC785C00C8A031 /* SystemConfiguration.framework */,
				746D6C771CBC783600C8A031 /* Security.framework */,
				746D6C751CBC782F00C8A031 /* libicucore.tbd */,
				746D6C731CBC782900C8A031 /* libc++.tbd */,
				746D6C6F1CBC780200C8A031 /* Firebase.framework */,
				746D6C711CBC782300C8A031 /* CFNetwork.framework */,
			);
			name = Firebase;
			sourceTree = "<group>";
		};
/* End PBXGroup section */

/* Begin PBXNativeTarget section */
		746D6C591CBC775600C8A031 /* SimpleChatFirebaseTest */ = {
			isa = PBXNativeTarget;
			buildConfigurationList = 746D6C6C1CBC775600C8A031 /* Build configuration list for PBXNativeTarget "SimpleChatFirebaseTest" */;
			buildPhases = (
				746D6C561CBC775600C8A031 /* Sources */,
				746D6C571CBC775600C8A031 /* Frameworks */,
				746D6C581CBC775600C8A031 /* Resources */,
			);
			buildRules = (
			);
			dependencies = (
			);
			name = SimpleChatFirebaseTest;
			productName = SimpleChatFirebaseTest;
			productReference = 746D6C5A1CBC775600C8A031 /* SimpleChatFirebaseTest.app */;
			productType = "com.apple.product-type.application";
		};
/* End PBXNativeTarget section */

/* Begin PBXProject section */
		746D6C521CBC775600C8A031 /* Project object */ = {
			isa = PBXProject;
			attributes = {
				LastSwiftUpdateCheck = 0730;
				LastUpgradeCheck = 0730;
				ORGANIZATIONNAME = NSDesert;
				TargetAttributes = {
					746D6C591CBC775600C8A031 = {
						CreatedOnToolsVersion = 7.3;
					};
				};
			};
			buildConfigurationList = 746D6C551CBC775600C8A031 /* Build configuration list for PBXProject "SimpleChatFirebaseTest" */;
			compatibilityVersion = "Xcode 3.2";
			developmentRegion = English;
			hasScannedForEncodings = 0;
			knownRegions = (
				en,
				Base,
			);
			mainGroup = 746D6C511CBC775600C8A031;
			productRefGroup = 746D6C5B1CBC775600C8A031 /* Products */;
			projectDirPath = "";
			projectRoot = "";
			targets = (
				746D6C591CBC775600C8A031 /* SimpleChatFirebaseTest */,
			);
		};
/* End PBXProject section */

/* Begin PBXResourcesBuildPhase section */
		746D6C581CBC775600C8A031 /* Resources */ = {
			isa = PBXResourcesBuildPhase;
			buildActionMask = 2147483647;
			files = (
				746D6C681CBC775600C8A031 /* LaunchScreen.storyboard in Resources */,
				746D6C651CBC775600C8A031 /* Assets.xcassets in Resources */,
				746D6C631CBC775600C8A031 /* Main.storyboard in Resources */,
			);
			runOnlyForDeploymentPostprocessing = 0;
		};
/* End PBXResourcesBuildPhase section */

/* Begin PBXSourcesBuildPhase section */
		746D6C561CBC775600C8A031 /* Sources */ = {
			isa = PBXSourcesBuildPhase;
			buildActionMask = 2147483647;
			files = (
				746D6C7F1CBC78E800C8A031 /* FirebaseController.swift in Sources */,
				746D6C851CBC7DCE00C8A031 /* Thread.swift in Sources */,
				746D6C871CBC805F00C8A031 /* MessageController.swift in Sources */,
				746D6C7D1CBC78C100C8A031 /* FirebaseChat.swift in Sources */,
				746D6C831CBC7DBB00C8A031 /* Message.swift in Sources */,
				746D6C891CBC806800C8A031 /* ThreadController.swift in Sources */,
				746D6C811CBC7BE800C8A031 /* ChatViewController.swift in Sources */,
				746D6C5E1CBC775600C8A031 /* AppDelegate.swift in Sources */,
			);
			runOnlyForDeploymentPostprocessing = 0;
		};
/* End PBXSourcesBuildPhase section */

/* Begin PBXVariantGroup section */
		746D6C611CBC775600C8A031 /* Main.storyboard */ = {
			isa = PBXVariantGroup;
			children = (
				746D6C621CBC775600C8A031 /* Base */,
			);
			name = Main.storyboard;
			sourceTree = "<group>";
		};
		746D6C661CBC775600C8A031 /* LaunchScreen.storyboard */ = {
			isa = PBXVariantGroup;
			children = (
				746D6C671CBC775600C8A031 /* Base */,
			);
			name = LaunchScreen.storyboard;
			sourceTree = "<group>";
		};
/* End PBXVariantGroup section */

/* Begin XCBuildConfiguration section */
		746D6C6A1CBC775600C8A031 /* Debug */ = {
			isa = XCBuildConfiguration;
			buildSettings = {
				ALWAYS_SEARCH_USER_PATHS = NO;
				CLANG_ANALYZER_NONNULL = YES;
				CLANG_CXX_LANGUAGE_STANDARD = "gnu++0x";
				CLANG_CXX_LIBRARY = "libc++";
				CLANG_ENABLE_MODULES = YES;
				CLANG_ENABLE_OBJC_ARC = YES;
				CLANG_WARN_BOOL_CONVERSION = YES;
				CLANG_WARN_CONSTANT_CONVERSION = YES;
				CLANG_WARN_DIRECT_OBJC_ISA_USAGE = YES_ERROR;
				CLANG_WARN_EMPTY_BODY = YES;
				CLANG_WARN_ENUM_CONVERSION = YES;
				CLANG_WARN_INT_CONVERSION = YES;
				CLANG_WARN_OBJC_ROOT_CLASS = YES_ERROR;
				CLANG_WARN_UNREACHABLE_CODE = YES;
				CLANG_WARN__DUPLICATE_METHOD_MATCH = YES;
				"CODE_SIGN_IDENTITY[sdk=iphoneos*]" = "iPhone Developer";
				COPY_PHASE_STRIP = NO;
				DEBUG_INFORMATION_FORMAT = dwarf;
				ENABLE_STRICT_OBJC_MSGSEND = YES;
				ENABLE_TESTABILITY = YES;
				GCC_C_LANGUAGE_STANDARD = gnu99;
				GCC_DYNAMIC_NO_PIC = NO;
				GCC_NO_COMMON_BLOCKS = YES;
				GCC_OPTIMIZATION_LEVEL = 0;
				GCC_PREPROCESSOR_DEFINITIONS = (
					"DEBUG=1",
					"$(inherited)",
				);
				GCC_WARN_64_TO_32_BIT_CONVERSION = YES;
				GCC_WARN_ABOUT_RETURN_TYPE = YES_ERROR;
				GCC_WARN_UNDECLARED_SELECTOR = YES;
				GCC_WARN_UNINITIALIZED_AUTOS = YES_AGGRESSIVE;
				GCC_WARN_UNUSED_FUNCTION = YES;
				GCC_WARN_UNUSED_VARIABLE = YES;
				IPHONEOS_DEPLOYMENT_TARGET = 9.3;
				MTL_ENABLE_DEBUG_INFO = YES;
				ONLY_ACTIVE_ARCH = YES;
				SDKROOT = iphoneos;
				SWIFT_OPTIMIZATION_LEVEL = "-Onone";
				TARGETED_DEVICE_FAMILY = "1,2";
			};
			name = Debug;
		};
		746D6C6B1CBC775600C8A031 /* Release */ = {
			isa = XCBuildConfiguration;
			buildSettings = {
				ALWAYS_SEARCH_USER_PATHS = NO;
				CLANG_ANALYZER_NONNULL = YES;
				CLANG_CXX_LANGUAGE_STANDARD = "gnu++0x";
				CLANG_CXX_LIBRARY = "libc++";
				CLANG_ENABLE_MODULES = YES;
				CLANG_ENABLE_OBJC_ARC = YES;
				CLANG_WARN_BOOL_CONVERSION = YES;
				CLANG_WARN_CONSTANT_CONVERSION = YES;
				CLANG_WARN_DIRECT_OBJC_ISA_USAGE = YES_ERROR;
				CLANG_WARN_EMPTY_BODY = YES;
				CLANG_WARN_ENUM_CONVERSION = YES;
				CLANG_WARN_INT_CONVERSION = YES;
				CLANG_WARN_OBJC_ROOT_CLASS = YES_ERROR;
				CLANG_WARN_UNREACHABLE_CODE = YES;
				CLANG_WARN__DUPLICATE_METHOD_MATCH = YES;
				"CODE_SIGN_IDENTITY[sdk=iphoneos*]" = "iPhone Developer";
				COPY_PHASE_STRIP = NO;
				DEBUG_INFORMATION_FORMAT = "dwarf-with-dsym";
				ENABLE_NS_ASSERTIONS = NO;
				ENABLE_STRICT_OBJC_MSGSEND = YES;
				GCC_C_LANGUAGE_STANDARD = gnu99;
				GCC_NO_COMMON_BLOCKS = YES;
				GCC_WARN_64_TO_32_BIT_CONVERSION = YES;
				GCC_WARN_ABOUT_RETURN_TYPE = YES_ERROR;
				GCC_WARN_UNDECLARED_SELECTOR = YES;
				GCC_WARN_UNINITIALIZED_AUTOS = YES_AGGRESSIVE;
				GCC_WARN_UNUSED_FUNCTION = YES;
				GCC_WARN_UNUSED_VARIABLE = YES;
				IPHONEOS_DEPLOYMENT_TARGET = 9.3;
				MTL_ENABLE_DEBUG_INFO = NO;
				SDKROOT = iphoneos;
				TARGETED_DEVICE_FAMILY = "1,2";
				VALIDATE_PRODUCT = YES;
			};
			name = Release;
		};
		746D6C6D1CBC775600C8A031 /* Debug */ = {
			isa = XCBuildConfiguration;
			buildSettings = {
				ASSETCATALOG_COMPILER_APPICON_NAME = AppIcon;
				FRAMEWORK_SEARCH_PATHS = (
					/Users/JLH/Desktop/Swift,
					Code,
					Bank/Xcode,
					Lifelong,
					"Learning/$(PROJECT_DIR)/SimpleChatFirebaseTest",
				);
				INFOPLIST_FILE = SimpleChatFirebaseTest/Info.plist;
				LD_RUNPATH_SEARCH_PATHS = "$(inherited) @executable_path/Frameworks";
				PRODUCT_BUNDLE_IDENTIFIER = com.example.SimpleChatFirebaseTest;
				PRODUCT_NAME = "$(TARGET_NAME)";
			};
			name = Debug;
		};
		746D6C6E1CBC775600C8A031 /* Release */ = {
			isa = XCBuildConfiguration;
			buildSettings = {
				ASSETCATALOG_COMPILER_APPICON_NAME = AppIcon;
				FRAMEWORK_SEARCH_PATHS = (
					/Users/JLH/Desktop/Swift,
					Code,
					Bank/Xcode,
					Lifelong,
					"Learning/$(PROJECT_DIR)/SimpleChatFirebaseTest",
				);
				INFOPLIST_FILE = SimpleChatFirebaseTest/Info.plist;
				LD_RUNPATH_SEARCH_PATHS = "$(inherited) @executable_path/Frameworks";
				PRODUCT_BUNDLE_IDENTIFIER = com.example.SimpleChatFirebaseTest;
				PRODUCT_NAME = "$(TARGET_NAME)";
			};
			name = Release;
		};
/* End XCBuildConfiguration section */

/* Begin XCConfigurationList section */
		746D6C551CBC775600C8A031 /* Build configuration list for PBXProject "SimpleChatFirebaseTest" */ = {
			isa = XCConfigurationList;
			buildConfigurations = (
				746D6C6A1CBC775600C8A031 /* Debug */,
				746D6C6B1CBC775600C8A031 /* Release */,
			);
			defaultConfigurationIsVisible = 0;
			defaultConfigurationName = Release;
		};
		746D6C6C1CBC775600C8A031 /* Build configuration list for PBXNativeTarget "SimpleChatFirebaseTest" */ = {
			isa = XCConfigurationList;
			buildConfigurations = (
				746D6C6D1CBC775600C8A031 /* Debug */,
				746D6C6E1CBC775600C8A031 /* Release */,
			);
			defaultConfigurationIsVisible = 0;
			defaultConfigurationName = Release;
		};
/* End XCConfigurationList section */
	};
	rootObject = 746D6C521CBC775600C8A031 /* Project object */;
}
