// !$*UTF8*$!
{
	archiveVersion = 1;
	classes = {
	};
	objectVersion = 46;
	objects = {

/* Begin PBXBuildFile section */
		74EC43B81CC70927005195A2 /* AppDelegate.swift in Sources */ = {isa = PBXBuildFile; fileRef = 74EC43B71CC70927005195A2 /* AppDelegate.swift */; };
		74EC43BA1CC70927005195A2 /* ViewController.swift in Sources */ = {isa = PBXBuildFile; fileRef = 74EC43B91CC70927005195A2 /* ViewController.swift */; };
		74EC43BD1CC70927005195A2 /* Main.storyboard in Resources */ = {isa = PBXBuildFile; fileRef = 74EC43BB1CC70927005195A2 /* Main.storyboard */; };
		74EC43BF1CC70927005195A2 /* Assets.xcassets in Resources */ = {isa = PBXBuildFile; fileRef = 74EC43BE1CC70927005195A2 /* Assets.xcassets */; };
		74EC43C21CC70927005195A2 /* LaunchScreen.storyboard in Resources */ = {isa = PBXBuildFile; fileRef = 74EC43C01CC70927005195A2 /* LaunchScreen.storyboard */; };
		74EC43CA1CC7108B005195A2 /* ImageUtilities.swift in Sources */ = {isa = PBXBuildFile; fileRef = 74EC43C91CC7108B005195A2 /* ImageUtilities.swift */; };
/* End PBXBuildFile section */

/* Begin PBXFileReference section */
		74EC43B41CC70927005195A2 /* SynchronizationTest.app */ = {isa = PBXFileReference; explicitFileType = wrapper.application; includeInIndex = 0; path = SynchronizationTest.app; sourceTree = BUILT_PRODUCTS_DIR; };
		74EC43B71CC70927005195A2 /* AppDelegate.swift */ = {isa = PBXFileReference; lastKnownFileType = sourcecode.swift; path = AppDelegate.swift; sourceTree = "<group>"; };
		74EC43B91CC70927005195A2 /* ViewController.swift */ = {isa = PBXFileReference; lastKnownFileType = sourcecode.swift; path = ViewController.swift; sourceTree = "<group>"; };
		74EC43BC1CC70927005195A2 /* Base */ = {isa = PBXFileReference; lastKnownFileType = file.storyboard; name = Base; path = Base.lproj/Main.storyboard; sourceTree = "<group>"; };
		74EC43BE1CC70927005195A2 /* Assets.xcassets */ = {isa = PBXFileReference; lastKnownFileType = folder.assetcatalog; path = Assets.xcassets; sourceTree = "<group>"; };
		74EC43C11CC70927005195A2 /* Base */ = {isa = PBXFileReference; lastKnownFileType = file.storyboard; name = Base; path = Base.lproj/LaunchScreen.storyboard; sourceTree = "<group>"; };
		74EC43C31CC70927005195A2 /* Info.plist */ = {isa = PBXFileReference; lastKnownFileType = text.plist.xml; path = Info.plist; sourceTree = "<group>"; };
		74EC43C91CC7108B005195A2 /* ImageUtilities.swift */ = {isa = PBXFileReference; fileEncoding = 4; lastKnownFileType = sourcecode.swift; path = ImageUtilities.swift; sourceTree = "<group>"; };
/* End PBXFileReference section */

/* Begin PBXFrameworksBuildPhase section */
		74EC43B11CC70927005195A2 /* Frameworks */ = {
			isa = PBXFrameworksBuildPhase;
			buildActionMask = 2147483647;
			files = (
			);
			runOnlyForDeploymentPostprocessing = 0;
		};
/* End PBXFrameworksBuildPhase section */

/* Begin PBXGroup section */
		74EC43AB1CC70927005195A2 = {
			isa = PBXGroup;
			children = (
				74EC43B61CC70927005195A2 /* SynchronizationTest */,
				74EC43B51CC70927005195A2 /* Products */,
			);
			sourceTree = "<group>";
		};
		74EC43B51CC70927005195A2 /* Products */ = {
			isa = PBXGroup;
			children = (
				74EC43B41CC70927005195A2 /* SynchronizationTest.app */,
			);
			name = Products;
			sourceTree = "<group>";
		};
		74EC43B61CC70927005195A2 /* SynchronizationTest */ = {
			isa = PBXGroup;
			children = (
				74EC43B71CC70927005195A2 /* AppDelegate.swift */,
				74EC43C91CC7108B005195A2 /* ImageUtilities.swift */,
				74EC43B91CC70927005195A2 /* ViewController.swift */,
				74EC43BB1CC70927005195A2 /* Main.storyboard */,
				74EC43BE1CC70927005195A2 /* Assets.xcassets */,
				74EC43C01CC70927005195A2 /* LaunchScreen.storyboard */,
				74EC43C31CC70927005195A2 /* Info.plist */,
			);
			path = SynchronizationTest;
			sourceTree = "<group>";
		};
/* End PBXGroup section */

/* Begin PBXNativeTarget section */
		74EC43B31CC70927005195A2 /* SynchronizationTest */ = {
			isa = PBXNativeTarget;
			buildConfigurationList = 74EC43C61CC70927005195A2 /* Build configuration list for PBXNativeTarget "SynchronizationTest" */;
			buildPhases = (
				74EC43B01CC70927005195A2 /* Sources */,
				74EC43B11CC70927005195A2 /* Frameworks */,
				74EC43B21CC70927005195A2 /* Resources */,
			);
			buildRules = (
			);
			dependencies = (
			);
			name = SynchronizationTest;
			productName = SynchronizationTest;
			productReference = 74EC43B41CC70927005195A2 /* SynchronizationTest.app */;
			productType = "com.apple.product-type.application";
		};
/* End PBXNativeTarget section */

/* Begin PBXProject section */
		74EC43AC1CC70927005195A2 /* Project object */ = {
			isa = PBXProject;
			attributes = {
				LastSwiftUpdateCheck = 0730;
				LastUpgradeCheck = 0730;
				ORGANIZATIONNAME = NSDesert;
				TargetAttributes = {
					74EC43B31CC70927005195A2 = {
						CreatedOnToolsVersion = 7.3;
					};
				};
			};
			buildConfigurationList = 74EC43AF1CC70927005195A2 /* Build configuration list for PBXProject "SynchronizationTest" */;
			compatibilityVersion = "Xcode 3.2";
			developmentRegion = English;
			hasScannedForEncodings = 0;
			knownRegions = (
				en,
				Base,
			);
			mainGroup = 74EC43AB1CC70927005195A2;
			productRefGroup = 74EC43B51CC70927005195A2 /* Products */;
			projectDirPath = "";
			projectRoot = "";
			targets = (
				74EC43B31CC70927005195A2 /* SynchronizationTest */,
			);
		};
/* End PBXProject section */

/* Begin PBXResourcesBuildPhase section */
		74EC43B21CC70927005195A2 /* Resources */ = {
			isa = PBXResourcesBuildPhase;
			buildActionMask = 2147483647;
			files = (
				74EC43C21CC70927005195A2 /* LaunchScreen.storyboard in Resources */,
				74EC43BF1CC70927005195A2 /* Assets.xcassets in Resources */,
				74EC43BD1CC70927005195A2 /* Main.storyboard in Resources */,
			);
			runOnlyForDeploymentPostprocessing = 0;
		};
/* End PBXResourcesBuildPhase section */

/* Begin PBXSourcesBuildPhase section */
		74EC43B01CC70927005195A2 /* Sources */ = {
			isa = PBXSourcesBuildPhase;
			buildActionMask = 2147483647;
			files = (
				74EC43BA1CC70927005195A2 /* ViewController.swift in Sources */,
				74EC43CA1CC7108B005195A2 /* ImageUtilities.swift in Sources */,
				74EC43B81CC70927005195A2 /* AppDelegate.swift in Sources */,
			);
			runOnlyForDeploymentPostprocessing = 0;
		};
/* End PBXSourcesBuildPhase section */

/* Begin PBXVariantGroup section */
		74EC43BB1CC70927005195A2 /* Main.storyboard */ = {
			isa = PBXVariantGroup;
			children = (
				74EC43BC1CC70927005195A2 /* Base */,
			);
			name = Main.storyboard;
			sourceTree = "<group>";
		};
		74EC43C01CC70927005195A2 /* LaunchScreen.storyboard */ = {
			isa = PBXVariantGroup;
			children = (
				74EC43C11CC70927005195A2 /* Base */,
			);
			name = LaunchScreen.storyboard;
			sourceTree = "<group>";
		};
/* End PBXVariantGroup section */

/* Begin XCBuildConfiguration section */
		74EC43C41CC70927005195A2 /* Debug */ = {
			isa = XCBuildConfiguration;
			buildSettings = {
				ALWAYS_SEARCH_USER_PATHS = NO;
				CLANG_ANALYZER_NONNULL = YES;
				CLANG_CXX_LANGUAGE_STANDARD = "gnu++0x";
				CLANG_CXX_LIBRARY = "libc++";
				CLANG_ENABLE_MODULES = YES;
				CLANG_ENABLE_OBJC_ARC = YES;
				CLANG_WARN_BOOL_CONVERSION = YES;
				CLANG_WARN_CONSTANT_CONVERSION = YES;
				CLANG_WARN_DIRECT_OBJC_ISA_USAGE = YES_ERROR;
				CLANG_WARN_EMPTY_BODY = YES;
				CLANG_WARN_ENUM_CONVERSION = YES;
				CLANG_WARN_INT_CONVERSION = YES;
				CLANG_WARN_OBJC_ROOT_CLASS = YES_ERROR;
				CLANG_WARN_UNREACHABLE_CODE = YES;
				CLANG_WARN__DUPLICATE_METHOD_MATCH = YES;
				"CODE_SIGN_IDENTITY[sdk=iphoneos*]" = "iPhone Developer";
				COPY_PHASE_STRIP = NO;
				DEBUG_INFORMATION_FORMAT = dwarf;
				ENABLE_STRICT_OBJC_MSGSEND = YES;
				ENABLE_TESTABILITY = YES;
				GCC_C_LANGUAGE_STANDARD = gnu99;
				GCC_DYNAMIC_NO_PIC = NO;
				GCC_NO_COMMON_BLOCKS = YES;
				GCC_OPTIMIZATION_LEVEL = 0;
				GCC_PREPROCESSOR_DEFINITIONS = (
					"DEBUG=1",
					"$(inherited)",
				);
				GCC_WARN_64_TO_32_BIT_CONVERSION = YES;
				GCC_WARN_ABOUT_RETURN_TYPE = YES_ERROR;
				GCC_WARN_UNDECLARED_SELECTOR = YES;
				GCC_WARN_UNINITIALIZED_AUTOS = YES_AGGRESSIVE;
				GCC_WARN_UNUSED_FUNCTION = YES;
				GCC_WARN_UNUSED_VARIABLE = YES;
				IPHONEOS_DEPLOYMENT_TARGET = 9.3;
				MTL_ENABLE_DEBUG_INFO = YES;
				ONLY_ACTIVE_ARCH = YES;
				SDKROOT = iphoneos;
				SWIFT_OPTIMIZATION_LEVEL = "-Onone";
				TARGETED_DEVICE_FAMILY = "1,2";
			};
			name = Debug;
		};
		74EC43C51CC70927005195A2 /* Release */ = {
			isa = XCBuildConfiguration;
			buildSettings = {
				ALWAYS_SEARCH_USER_PATHS = NO;
				CLANG_ANALYZER_NONNULL = YES;
				CLANG_CXX_LANGUAGE_STANDARD = "gnu++0x";
				CLANG_CXX_LIBRARY = "libc++";
				CLANG_ENABLE_MODULES = YES;
				CLANG_ENABLE_OBJC_ARC = YES;
				CLANG_WARN_BOOL_CONVERSION = YES;
				CLANG_WARN_CONSTANT_CONVERSION = YES;
				CLANG_WARN_DIRECT_OBJC_ISA_USAGE = YES_ERROR;
				CLANG_WARN_EMPTY_BODY = YES;
				CLANG_WARN_ENUM_CONVERSION = YES;
				CLANG_WARN_INT_CONVERSION = YES;
				CLANG_WARN_OBJC_ROOT_CLASS = YES_ERROR;
				CLANG_WARN_UNREACHABLE_CODE = YES;
				CLANG_WARN__DUPLICATE_METHOD_MATCH = YES;
				"CODE_SIGN_IDENTITY[sdk=iphoneos*]" = "iPhone Developer";
				COPY_PHASE_STRIP = NO;
				DEBUG_INFORMATION_FORMAT = "dwarf-with-dsym";
				ENABLE_NS_ASSERTIONS = NO;
				ENABLE_STRICT_OBJC_MSGSEND = YES;
				GCC_C_LANGUAGE_STANDARD = gnu99;
				GCC_NO_COMMON_BLOCKS = YES;
				GCC_WARN_64_TO_32_BIT_CONVERSION = YES;
				GCC_WARN_ABOUT_RETURN_TYPE = YES_ERROR;
				GCC_WARN_UNDECLARED_SELECTOR = YES;
				GCC_WARN_UNINITIALIZED_AUTOS = YES_AGGRESSIVE;
				GCC_WARN_UNUSED_FUNCTION = YES;
				GCC_WARN_UNUSED_VARIABLE = YES;
				IPHONEOS_DEPLOYMENT_TARGET = 9.3;
				MTL_ENABLE_DEBUG_INFO = NO;
				SDKROOT = iphoneos;
				TARGETED_DEVICE_FAMILY = "1,2";
				VALIDATE_PRODUCT = YES;
			};
			name = Release;
		};
		74EC43C71CC70927005195A2 /* Debug */ = {
			isa = XCBuildConfiguration;
			buildSettings = {
				ASSETCATALOG_COMPILER_APPICON_NAME = AppIcon;
				INFOPLIST_FILE = SynchronizationTest/Info.plist;
				LD_RUNPATH_SEARCH_PATHS = "$(inherited) @executable_path/Frameworks";
				PRODUCT_BUNDLE_IDENTIFIER = com.example.SynchronizationTest;
				PRODUCT_NAME = "$(TARGET_NAME)";
			};
			name = Debug;
		};
		74EC43C81CC70927005195A2 /* Release */ = {
			isa = XCBuildConfiguration;
			buildSettings = {
				ASSETCATALOG_COMPILER_APPICON_NAME = AppIcon;
				INFOPLIST_FILE = SynchronizationTest/Info.plist;
				LD_RUNPATH_SEARCH_PATHS = "$(inherited) @executable_path/Frameworks";
				PRODUCT_BUNDLE_IDENTIFIER = com.example.SynchronizationTest;
				PRODUCT_NAME = "$(TARGET_NAME)";
			};
			name = Release;
		};
/* End XCBuildConfiguration section */

/* Begin XCConfigurationList section */
		74EC43AF1CC70927005195A2 /* Build configuration list for PBXProject "SynchronizationTest" */ = {
			isa = XCConfigurationList;
			buildConfigurations = (
				74EC43C41CC70927005195A2 /* Debug */,
				74EC43C51CC70927005195A2 /* Release */,
			);
			defaultConfigurationIsVisible = 0;
			defaultConfigurationName = Release;
		};
		74EC43C61CC70927005195A2 /* Build configuration list for PBXNativeTarget "SynchronizationTest" */ = {
			isa = XCConfigurationList;
			buildConfigurations = (
				74EC43C71CC70927005195A2 /* Debug */,
				74EC43C81CC70927005195A2 /* Release */,
			);
			defaultConfigurationIsVisible = 0;
		};
/* End XCConfigurationList section */
	};
	rootObject = 74EC43AC1CC70927005195A2 /* Project object */;
}
