// !$*UTF8*$!
{
	archiveVersion = 1;
	classes = {
	};
	objectVersion = 46;
	objects = {

/* Begin PBXBuildFile section */
		74F8C9121CB84B4100C02079 /* AppDelegate.swift in Sources */ = {isa = PBXBuildFile; fileRef = 74F8C9111CB84B4100C02079 /* AppDelegate.swift */; };
		74F8C9141CB84B4100C02079 /* ViewController.swift in Sources */ = {isa = PBXBuildFile; fileRef = 74F8C9131CB84B4100C02079 /* ViewController.swift */; };
		74F8C9171CB84B4100C02079 /* Main.storyboard in Resources */ = {isa = PBXBuildFile; fileRef = 74F8C9151CB84B4100C02079 /* Main.storyboard */; };
		74F8C9191CB84B4100C02079 /* Assets.xcassets in Resources */ = {isa = PBXBuildFile; fileRef = 74F8C9181CB84B4100C02079 /* Assets.xcassets */; };
		74F8C91C1CB84B4100C02079 /* LaunchScreen.storyboard in Resources */ = {isa = PBXBuildFile; fileRef = 74F8C91A1CB84B4100C02079 /* LaunchScreen.storyboard */; };
/* End PBXBuildFile section */

/* Begin PBXFileReference section */
		74F8C90E1CB84B4100C02079 /* TextFontTest.app */ = {isa = PBXFileReference; explicitFileType = wrapper.application; includeInIndex = 0; path = TextFontTest.app; sourceTree = BUILT_PRODUCTS_DIR; };
		74F8C9111CB84B4100C02079 /* AppDelegate.swift */ = {isa = PBXFileReference; lastKnownFileType = sourcecode.swift; path = AppDelegate.swift; sourceTree = "<group>"; };
		74F8C9131CB84B4100C02079 /* ViewController.swift */ = {isa = PBXFileReference; lastKnownFileType = sourcecode.swift; path = ViewController.swift; sourceTree = "<group>"; };
		74F8C9161CB84B4100C02079 /* Base */ = {isa = PBXFileReference; lastKnownFileType = file.storyboard; name = Base; path = Base.lproj/Main.storyboard; sourceTree = "<group>"; };
		74F8C9181CB84B4100C02079 /* Assets.xcassets */ = {isa = PBXFileReference; lastKnownFileType = folder.assetcatalog; path = Assets.xcassets; sourceTree = "<group>"; };
		74F8C91B1CB84B4100C02079 /* Base */ = {isa = PBXFileReference; lastKnownFileType = file.storyboard; name = Base; path = Base.lproj/LaunchScreen.storyboard; sourceTree = "<group>"; };
		74F8C91D1CB84B4100C02079 /* Info.plist */ = {isa = PBXFileReference; lastKnownFileType = text.plist.xml; path = Info.plist; sourceTree = "<group>"; };
/* End PBXFileReference section */

/* Begin PBXFrameworksBuildPhase section */
		74F8C90B1CB84B4100C02079 /* Frameworks */ = {
			isa = PBXFrameworksBuildPhase;
			buildActionMask = 2147483647;
			files = (
			);
			runOnlyForDeploymentPostprocessing = 0;
		};
/* End PBXFrameworksBuildPhase section */

/* Begin PBXGroup section */
		74F8C9051CB84B4100C02079 = {
			isa = PBXGroup;
			children = (
				74F8C9101CB84B4100C02079 /* TextFontTest */,
				74F8C90F1CB84B4100C02079 /* Products */,
			);
			sourceTree = "<group>";
		};
		74F8C90F1CB84B4100C02079 /* Products */ = {
			isa = PBXGroup;
			children = (
				74F8C90E1CB84B4100C02079 /* TextFontTest.app */,
			);
			name = Products;
			sourceTree = "<group>";
		};
		74F8C9101CB84B4100C02079 /* TextFontTest */ = {
			isa = PBXGroup;
			children = (
				74F8C9111CB84B4100C02079 /* AppDelegate.swift */,
				74F8C9131CB84B4100C02079 /* ViewController.swift */,
				74F8C9151CB84B4100C02079 /* Main.storyboard */,
				74F8C9181CB84B4100C02079 /* Assets.xcassets */,
				74F8C91A1CB84B4100C02079 /* LaunchScreen.storyboard */,
				74F8C91D1CB84B4100C02079 /* Info.plist */,
			);
			path = TextFontTest;
			sourceTree = "<group>";
		};
/* End PBXGroup section */

/* Begin PBXNativeTarget section */
		74F8C90D1CB84B4100C02079 /* TextFontTest */ = {
			isa = PBXNativeTarget;
			buildConfigurationList = 74F8C9201CB84B4100C02079 /* Build configuration list for PBXNativeTarget "TextFontTest" */;
			buildPhases = (
				74F8C90A1CB84B4100C02079 /* Sources */,
				74F8C90B1CB84B4100C02079 /* Frameworks */,
				74F8C90C1CB84B4100C02079 /* Resources */,
			);
			buildRules = (
			);
			dependencies = (
			);
			name = TextFontTest;
			productName = TextFontTest;
			productReference = 74F8C90E1CB84B4100C02079 /* TextFontTest.app */;
			productType = "com.apple.product-type.application";
		};
/* End PBXNativeTarget section */

/* Begin PBXProject section */
		74F8C9061CB84B4100C02079 /* Project object */ = {
			isa = PBXProject;
			attributes = {
				LastSwiftUpdateCheck = 0730;
				LastUpgradeCheck = 0730;
				ORGANIZATIONNAME = NSDesert;
				TargetAttributes = {
					74F8C90D1CB84B4100C02079 = {
						CreatedOnToolsVersion = 7.3;
					};
				};
			};
			buildConfigurationList = 74F8C9091CB84B4100C02079 /* Build configuration list for PBXProject "TextFontTest" */;
			compatibilityVersion = "Xcode 3.2";
			developmentRegion = English;
			hasScannedForEncodings = 0;
			knownRegions = (
				en,
				Base,
			);
			mainGroup = 74F8C9051CB84B4100C02079;
			productRefGroup = 74F8C90F1CB84B4100C02079 /* Products */;
			projectDirPath = "";
			projectRoot = "";
			targets = (
				74F8C90D1CB84B4100C02079 /* TextFontTest */,
			);
		};
/* End PBXProject section */

/* Begin PBXResourcesBuildPhase section */
		74F8C90C1CB84B4100C02079 /* Resources */ = {
			isa = PBXResourcesBuildPhase;
			buildActionMask = 2147483647;
			files = (
				74F8C91C1CB84B4100C02079 /* LaunchScreen.storyboard in Resources */,
				74F8C9191CB84B4100C02079 /* Assets.xcassets in Resources */,
				74F8C9171CB84B4100C02079 /* Main.storyboard in Resources */,
			);
			runOnlyForDeploymentPostprocessing = 0;
		};
/* End PBXResourcesBuildPhase section */

/* Begin PBXSourcesBuildPhase section */
		74F8C90A1CB84B4100C02079 /* Sources */ = {
			isa = PBXSourcesBuildPhase;
			buildActionMask = 2147483647;
			files = (
				74F8C9141CB84B4100C02079 /* ViewController.swift in Sources */,
				74F8C9121CB84B4100C02079 /* AppDelegate.swift in Sources */,
			);
			runOnlyForDeploymentPostprocessing = 0;
		};
/* End PBXSourcesBuildPhase section */

/* Begin PBXVariantGroup section */
		74F8C9151CB84B4100C02079 /* Main.storyboard */ = {
			isa = PBXVariantGroup;
			children = (
				74F8C9161CB84B4100C02079 /* Base */,
			);
			name = Main.storyboard;
			sourceTree = "<group>";
		};
		74F8C91A1CB84B4100C02079 /* LaunchScreen.storyboard */ = {
			isa = PBXVariantGroup;
			children = (
				74F8C91B1CB84B4100C02079 /* Base */,
			);
			name = LaunchScreen.storyboard;
			sourceTree = "<group>";
		};
/* End PBXVariantGroup section */

/* Begin XCBuildConfiguration section */
		74F8C91E1CB84B4100C02079 /* Debug */ = {
			isa = XCBuildConfiguration;
			buildSettings = {
				ALWAYS_SEARCH_USER_PATHS = NO;
				CLANG_ANALYZER_NONNULL = YES;
				CLANG_CXX_LANGUAGE_STANDARD = "gnu++0x";
				CLANG_CXX_LIBRARY = "libc++";
				CLANG_ENABLE_MODULES = YES;
				CLANG_ENABLE_OBJC_ARC = YES;
				CLANG_WARN_BOOL_CONVERSION = YES;
				CLANG_WARN_CONSTANT_CONVERSION = YES;
				CLANG_WARN_DIRECT_OBJC_ISA_USAGE = YES_ERROR;
				CLANG_WARN_EMPTY_BODY = YES;
				CLANG_WARN_ENUM_CONVERSION = YES;
				CLANG_WARN_INT_CONVERSION = YES;
				CLANG_WARN_OBJC_ROOT_CLASS = YES_ERROR;
				CLANG_WARN_UNREACHABLE_CODE = YES;
				CLANG_WARN__DUPLICATE_METHOD_MATCH = YES;
				"CODE_SIGN_IDENTITY[sdk=iphoneos*]" = "iPhone Developer";
				COPY_PHASE_STRIP = NO;
				DEBUG_INFORMATION_FORMAT = dwarf;
				ENABLE_STRICT_OBJC_MSGSEND = YES;
				ENABLE_TESTABILITY = YES;
				GCC_C_LANGUAGE_STANDARD = gnu99;
				GCC_DYNAMIC_NO_PIC = NO;
				GCC_NO_COMMON_BLOCKS = YES;
				GCC_OPTIMIZATION_LEVEL = 0;
				GCC_PREPROCESSOR_DEFINITIONS = (
					"DEBUG=1",
					"$(inherited)",
				);
				GCC_WARN_64_TO_32_BIT_CONVERSION = YES;
				GCC_WARN_ABOUT_RETURN_TYPE = YES_ERROR;
				GCC_WARN_UNDECLARED_SELECTOR = YES;
				GCC_WARN_UNINITIALIZED_AUTOS = YES_AGGRESSIVE;
				GCC_WARN_UNUSED_FUNCTION = YES;
				GCC_WARN_UNUSED_VARIABLE = YES;
				IPHONEOS_DEPLOYMENT_TARGET = 9.3;
				MTL_ENABLE_DEBUG_INFO = YES;
				ONLY_ACTIVE_ARCH = YES;
				SDKROOT = iphoneos;
				SWIFT_OPTIMIZATION_LEVEL = "-Onone";
				TARGETED_DEVICE_FAMILY = "1,2";
			};
			name = Debug;
		};
		74F8C91F1CB84B4100C02079 /* Release */ = {
			isa = XCBuildConfiguration;
			buildSettings = {
				ALWAYS_SEARCH_USER_PATHS = NO;
				CLANG_ANALYZER_NONNULL = YES;
				CLANG_CXX_LANGUAGE_STANDARD = "gnu++0x";
				CLANG_CXX_LIBRARY = "libc++";
				CLANG_ENABLE_MODULES = YES;
				CLANG_ENABLE_OBJC_ARC = YES;
				CLANG_WARN_BOOL_CONVERSION = YES;
				CLANG_WARN_CONSTANT_CONVERSION = YES;
				CLANG_WARN_DIRECT_OBJC_ISA_USAGE = YES_ERROR;
				CLANG_WARN_EMPTY_BODY = YES;
				CLANG_WARN_ENUM_CONVERSION = YES;
				CLANG_WARN_INT_CONVERSION = YES;
				CLANG_WARN_OBJC_ROOT_CLASS = YES_ERROR;
				CLANG_WARN_UNREACHABLE_CODE = YES;
				CLANG_WARN__DUPLICATE_METHOD_MATCH = YES;
				"CODE_SIGN_IDENTITY[sdk=iphoneos*]" = "iPhone Developer";
				COPY_PHASE_STRIP = NO;
				DEBUG_INFORMATION_FORMAT = "dwarf-with-dsym";
				ENABLE_NS_ASSERTIONS = NO;
				ENABLE_STRICT_OBJC_MSGSEND = YES;
				GCC_C_LANGUAGE_STANDARD = gnu99;
				GCC_NO_COMMON_BLOCKS = YES;
				GCC_WARN_64_TO_32_BIT_CONVERSION = YES;
				GCC_WARN_ABOUT_RETURN_TYPE = YES_ERROR;
				GCC_WARN_UNDECLARED_SELECTOR = YES;
				GCC_WARN_UNINITIALIZED_AUTOS = YES_AGGRESSIVE;
				GCC_WARN_UNUSED_FUNCTION = YES;
				GCC_WARN_UNUSED_VARIABLE = YES;
				IPHONEOS_DEPLOYMENT_TARGET = 9.3;
				MTL_ENABLE_DEBUG_INFO = NO;
				SDKROOT = iphoneos;
				TARGETED_DEVICE_FAMILY = "1,2";
				VALIDATE_PRODUCT = YES;
			};
			name = Release;
		};
		74F8C9211CB84B4100C02079 /* Debug */ = {
			isa = XCBuildConfiguration;
			buildSettings = {
				ASSETCATALOG_COMPILER_APPICON_NAME = AppIcon;
				INFOPLIST_FILE = TextFontTest/Info.plist;
				LD_RUNPATH_SEARCH_PATHS = "$(inherited) @executable_path/Frameworks";
				PRODUCT_BUNDLE_IDENTIFIER = com.example.TextFontTest;
				PRODUCT_NAME = "$(TARGET_NAME)";
			};
			name = Debug;
		};
		74F8C9221CB84B4100C02079 /* Release */ = {
			isa = XCBuildConfiguration;
			buildSettings = {
				ASSETCATALOG_COMPILER_APPICON_NAME = AppIcon;
				INFOPLIST_FILE = TextFontTest/Info.plist;
				LD_RUNPATH_SEARCH_PATHS = "$(inherited) @executable_path/Frameworks";
				PRODUCT_BUNDLE_IDENTIFIER = com.example.TextFontTest;
				PRODUCT_NAME = "$(TARGET_NAME)";
			};
			name = Release;
		};
/* End XCBuildConfiguration section */

/* Begin XCConfigurationList section */
		74F8C9091CB84B4100C02079 /* Build configuration list for PBXProject "TextFontTest" */ = {
			isa = XCConfigurationList;
			buildConfigurations = (
				74F8C91E1CB84B4100C02079 /* Debug */,
				74F8C91F1CB84B4100C02079 /* Release */,
			);
			defaultConfigurationIsVisible = 0;
			defaultConfigurationName = Release;
		};
		74F8C9201CB84B4100C02079 /* Build configuration list for PBXNativeTarget "TextFontTest" */ = {
			isa = XCConfigurationList;
			buildConfigurations = (
				74F8C9211CB84B4100C02079 /* Debug */,
				74F8C9221CB84B4100C02079 /* Release */,
			);
			defaultConfigurationIsVisible = 0;
		};
/* End XCConfigurationList section */
	};
	rootObject = 74F8C9061CB84B4100C02079 /* Project object */;
}
